// !$*UTF8*$!
{
	archiveVersion = 1;
	classes = {
	};
	objectVersion = 46;
	objects = {

/* Begin PBXBuildFile section */
		2C7582891BE0A4B600BE59B3 /* AppDelegate.swift in Sources */ = {isa = PBXBuildFile; fileRef = 2C7582881BE0A4B600BE59B3 /* AppDelegate.swift */; };
		2C75828B1BE0A4B600BE59B3 /* ViewController.swift in Sources */ = {isa = PBXBuildFile; fileRef = 2C75828A1BE0A4B600BE59B3 /* ViewController.swift */; };
		2C75828E1BE0A4B600BE59B3 /* Main.storyboard in Resources */ = {isa = PBXBuildFile; fileRef = 2C75828C1BE0A4B600BE59B3 /* Main.storyboard */; };
		2C7582901BE0A4B600BE59B3 /* Assets.xcassets in Resources */ = {isa = PBXBuildFile; fileRef = 2C75828F1BE0A4B600BE59B3 /* Assets.xcassets */; };
		2C7582931BE0A4B600BE59B3 /* LaunchScreen.storyboard in Resources */ = {isa = PBXBuildFile; fileRef = 2C7582911BE0A4B600BE59B3 /* LaunchScreen.storyboard */; };
/* End PBXBuildFile section */

/* Begin PBXFileReference section */
		2C7582851BE0A4B600BE59B3 /* BareBasic.app */ = {isa = PBXFileReference; explicitFileType = wrapper.application; includeInIndex = 0; path = BareBasic.app; sourceTree = BUILT_PRODUCTS_DIR; };
		2C7582881BE0A4B600BE59B3 /* AppDelegate.swift */ = {isa = PBXFileReference; lastKnownFileType = sourcecode.swift; path = AppDelegate.swift; sourceTree = "<group>"; };
		2C75828A1BE0A4B600BE59B3 /* ViewController.swift */ = {isa = PBXFileReference; lastKnownFileType = sourcecode.swift; path = ViewController.swift; sourceTree = "<group>"; };
		2C75828D1BE0A4B600BE59B3 /* Base */ = {isa = PBXFileReference; lastKnownFileType = file.storyboard; name = Base; path = Base.lproj/Main.storyboard; sourceTree = "<group>"; };
		2C75828F1BE0A4B600BE59B3 /* Assets.xcassets */ = {isa = PBXFileReference; lastKnownFileType = folder.assetcatalog; path = Assets.xcassets; sourceTree = "<group>"; };
		2C7582921BE0A4B600BE59B3 /* Base */ = {isa = PBXFileReference; lastKnownFileType = file.storyboard; name = Base; path = Base.lproj/LaunchScreen.storyboard; sourceTree = "<group>"; };
		2C7582941BE0A4B600BE59B3 /* Info.plist */ = {isa = PBXFileReference; lastKnownFileType = text.plist.xml; path = Info.plist; sourceTree = "<group>"; };
/* End PBXFileReference section */

/* Begin PBXFrameworksBuildPhase section */
		2C7582821BE0A4B600BE59B3 /* Frameworks */ = {
			isa = PBXFrameworksBuildPhase;
			buildActionMask = 2147483647;
			files = (
			);
			runOnlyForDeploymentPostprocessing = 0;
		};
/* End PBXFrameworksBuildPhase section */

/* Begin PBXGroup section */
		2C75827C1BE0A4B600BE59B3 = {
			isa = PBXGroup;
			children = (
				2C7582871BE0A4B600BE59B3 /* BareBasic */,
				2C7582861BE0A4B600BE59B3 /* Products */,
			);
			sourceTree = "<group>";
		};
		2C7582861BE0A4B600BE59B3 /* Products */ = {
			isa = PBXGroup;
			children = (
				2C7582851BE0A4B600BE59B3 /* BareBasic.app */,
			);
			name = Products;
			sourceTree = "<group>";
		};
		2C7582871BE0A4B600BE59B3 /* BareBasic */ = {
			isa = PBXGroup;
			children = (
				2C7582881BE0A4B600BE59B3 /* AppDelegate.swift */,
				2C75828A1BE0A4B600BE59B3 /* ViewController.swift */,
				2C75828C1BE0A4B600BE59B3 /* Main.storyboard */,
				2C75828F1BE0A4B600BE59B3 /* Assets.xcassets */,
				2C7582911BE0A4B600BE59B3 /* LaunchScreen.storyboard */,
				2C7582941BE0A4B600BE59B3 /* Info.plist */,
			);
			path = BareBasic;
			sourceTree = "<group>";
		};
/* End PBXGroup section */

/* Begin PBXNativeTarget section */
		2C7582841BE0A4B600BE59B3 /* BareBasic */ = {
			isa = PBXNativeTarget;
			buildConfigurationList = 2C7582971BE0A4B600BE59B3 /* Build configuration list for PBXNativeTarget "BareBasic" */;
			buildPhases = (
				2C7582811BE0A4B600BE59B3 /* Sources */,
				2C7582821BE0A4B600BE59B3 /* Frameworks */,
				2C7582831BE0A4B600BE59B3 /* Resources */,
			);
			buildRules = (
			);
			dependencies = (
			);
			name = BareBasic;
			productName = BareBasic;
			productReference = 2C7582851BE0A4B600BE59B3 /* BareBasic.app */;
			productType = "com.apple.product-type.application";
		};
/* End PBXNativeTarget section */

/* Begin PBXProject section */
		2C75827D1BE0A4B600BE59B3 /* Project object */ = {
			isa = PBXProject;
			attributes = {
				LastUpgradeCheck = 0900;
				ORGANIZATIONNAME = CodersHigh;
				TargetAttributes = {
					2C7582841BE0A4B600BE59B3 = {
						CreatedOnToolsVersion = 7.0.1;
					};
				};
			};
			buildConfigurationList = 2C7582801BE0A4B600BE59B3 /* Build configuration list for PBXProject "BareBasic" */;
			compatibilityVersion = "Xcode 3.2";
			developmentRegion = English;
			hasScannedForEncodings = 0;
			knownRegions = (
				en,
				Base,
			);
			mainGroup = 2C75827C1BE0A4B600BE59B3;
			productRefGroup = 2C7582861BE0A4B600BE59B3 /* Products */;
			projectDirPath = "";
			projectRoot = "";
			targets = (
				2C7582841BE0A4B600BE59B3 /* BareBasic */,
			);
		};
/* End PBXProject section */

/* Begin PBXResourcesBuildPhase section */
		2C7582831BE0A4B600BE59B3 /* Resources */ = {
			isa = PBXResourcesBuildPhase;
			buildActionMask = 2147483647;
			files = (
				2C7582931BE0A4B600BE59B3 /* LaunchScreen.storyboard in Resources */,
				2C7582901BE0A4B600BE59B3 /* Assets.xcassets in Resources */,
				2C75828E1BE0A4B600BE59B3 /* Main.storyboard in Resources */,
			);
			runOnlyForDeploymentPostprocessing = 0;
		};
/* End PBXResourcesBuildPhase section */

/* Begin PBXSourcesBuildPhase section */
		2C7582811BE0A4B600BE59B3 /* Sources */ = {
			isa = PBXSourcesBuildPhase;
			buildActionMask = 2147483647;
			files = (
				2C75828B1BE0A4B600BE59B3 /* ViewController.swift in Sources */,
				2C7582891BE0A4B600BE59B3 /* AppDelegate.swift in Sources */,
			);
			runOnlyForDeploymentPostprocessing = 0;
		};
/* End PBXSourcesBuildPhase section */

/* Begin PBXVariantGroup section */
		2C75828C1BE0A4B600BE59B3 /* Main.storyboard */ = {
			isa = PBXVariantGroup;
			children = (
				2C75828D1BE0A4B600BE59B3 /* Base */,
			);
			name = Main.storyboard;
			sourceTree = "<group>";
		};
		2C7582911BE0A4B600BE59B3 /* LaunchScreen.storyboard */ = {
			isa = PBXVariantGroup;
			children = (
				2C7582921BE0A4B600BE59B3 /* Base */,
			);
			name = LaunchScreen.storyboard;
			sourceTree = "<group>";
		};
/* End PBXVariantGroup section */

/* Begin XCBuildConfiguration section */
		2C7582951BE0A4B600BE59B3 /* Debug */ = {
			isa = XCBuildConfiguration;
			buildSettings = {
				ALWAYS_SEARCH_USER_PATHS = NO;
				CLANG_CXX_LANGUAGE_STANDARD = "gnu++0x";
				CLANG_CXX_LIBRARY = "libc++";
				CLANG_ENABLE_MODULES = YES;
				CLANG_ENABLE_OBJC_ARC = YES;
				CLANG_WARN_BLOCK_CAPTURE_AUTORELEASING = YES;
				CLANG_WARN_BOOL_CONVERSION = YES;
				CLANG_WARN_COMMA = YES;
				CLANG_WARN_CONSTANT_CONVERSION = YES;
				CLANG_WARN_DIRECT_OBJC_ISA_USAGE = YES_ERROR;
				CLANG_WARN_EMPTY_BODY = YES;
				CLANG_WARN_ENUM_CONVERSION = YES;
				CLANG_WARN_INFINITE_RECURSION = YES;
				CLANG_WARN_INT_CONVERSION = YES;
				CLANG_WARN_NON_LITERAL_NULL_CONVERSION = YES;
				CLANG_WARN_OBJC_LITERAL_CONVERSION = YES;
				CLANG_WARN_OBJC_ROOT_CLASS = YES_ERROR;
				CLANG_WARN_RANGE_LOOP_ANALYSIS = YES;
				CLANG_WARN_STRICT_PROTOTYPES = YES;
				CLANG_WARN_SUSPICIOUS_MOVE = YES;
				CLANG_WARN_UNREACHABLE_CODE = YES;
				CLANG_WARN__DUPLICATE_METHOD_MATCH = YES;
				"CODE_SIGN_IDENTITY[sdk=iphoneos*]" = "iPhone Developer";
				COPY_PHASE_STRIP = NO;
				DEBUG_INFORMATION_FORMAT = dwarf;
				ENABLE_STRICT_OBJC_MSGSEND = YES;
				ENABLE_TESTABILITY = YES;
				GCC_C_LANGUAGE_STANDARD = gnu99;
				GCC_DYNAMIC_NO_PIC = NO;
				GCC_NO_COMMON_BLOCKS = YES;
				GCC_OPTIMIZATION_LEVEL = 0;
				GCC_PREPROCESSOR_DEFINITIONS = (
					"DEBUG=1",
					"$(inherited)",
				);
				GCC_WARN_64_TO_32_BIT_CONVERSION = YES;
				GCC_WARN_ABOUT_RETURN_TYPE = YES_ERROR;
				GCC_WARN_UNDECLARED_SELECTOR = YES;
				GCC_WARN_UNINITIALIZED_AUTOS = YES_AGGRESSIVE;
				GCC_WARN_UNUSED_FUNCTION = YES;
				GCC_WARN_UNUSED_VARIABLE = YES;
				IPHONEOS_DEPLOYMENT_TARGET = 9.0;
				MTL_ENABLE_DEBUG_INFO = YES;
				ONLY_ACTIVE_ARCH = YES;
				SDKROOT = iphoneos;
				SWIFT_OPTIMIZATION_LEVEL = "-Onone";
				SWIFT_VERSION = 4.0;
				TARGETED_DEVICE_FAMILY = "1,2";
			};
			name = Debug;
		};
		2C7582961BE0A4B600BE59B3 /* Release */ = {
			isa = XCBuildConfiguration;
			buildSettings = {
				ALWAYS_SEARCH_USER_PATHS = NO;
				CLANG_CXX_LANGUAGE_STANDARD = "gnu++0x";
				CLANG_CXX_LIBRARY = "libc++";
				CLANG_ENABLE_MODULES = YES;
				CLANG_ENABLE_OBJC_ARC = YES;
				CLANG_WARN_BLOCK_CAPTURE_AUTORELEASING = YES;
				CLANG_WARN_BOOL_CONVERSION = YES;
				CLANG_WARN_COMMA = YES;
				CLANG_WARN_CONSTANT_CONVERSION = YES;
				CLANG_WARN_DIRECT_OBJC_ISA_USAGE = YES_ERROR;
				CLANG_WARN_EMPTY_BODY = YES;
				CLANG_WARN_ENUM_CONVERSION = YES;
				CLANG_WARN_INFINITE_RECURSION = YES;
				CLANG_WARN_INT_CONVERSION = YES;
				CLANG_WARN_NON_LITERAL_NULL_CONVERSION = YES;
				CLANG_WARN_OBJC_LITERAL_CONVERSION = YES;
				CLANG_WARN_OBJC_ROOT_CLASS = YES_ERROR;
				CLANG_WARN_RANGE_LOOP_ANALYSIS = YES;
				CLANG_WARN_STRICT_PROTOTYPES = YES;
				CLANG_WARN_SUSPICIOUS_MOVE = YES;
				CLANG_WARN_UNREACHABLE_CODE = YES;
				CLANG_WARN__DUPLICATE_METHOD_MATCH = YES;
				"CODE_SIGN_IDENTITY[sdk=iphoneos*]" = "iPhone Developer";
				COPY_PHASE_STRIP = NO;
				DEBUG_INFORMATION_FORMAT = "dwarf-with-dsym";
				ENABLE_NS_ASSERTIONS = NO;
				ENABLE_STRICT_OBJC_MSGSEND = YES;
				GCC_C_LANGUAGE_STANDARD = gnu99;
				GCC_NO_COMMON_BLOCKS = YES;
				GCC_WARN_64_TO_32_BIT_CONVERSION = YES;
				GCC_WARN_ABOUT_RETURN_TYPE = YES_ERROR;
				GCC_WARN_UNDECLARED_SELECTOR = YES;
				GCC_WARN_UNINITIALIZED_AUTOS = YES_AGGRESSIVE;
				GCC_WARN_UNUSED_FUNCTION = YES;
				GCC_WARN_UNUSED_VARIABLE = YES;
				IPHONEOS_DEPLOYMENT_TARGET = 9.0;
				MTL_ENABLE_DEBUG_INFO = NO;
				SDKROOT = iphoneos;
				SWIFT_OPTIMIZATION_LEVEL = "-Owholemodule";
				SWIFT_VERSION = 4.0;
				TARGETED_DEVICE_FAMILY = "1,2";
				VALIDATE_PRODUCT = YES;
			};
			name = Release;
		};
		2C7582981BE0A4B600BE59B3 /* Debug */ = {
			isa = XCBuildConfiguration;
			buildSettings = {
				ASSETCATALOG_COMPILER_APPICON_NAME = AppIcon;
				INFOPLIST_FILE = BareBasic/Info.plist;
				LD_RUNPATH_SEARCH_PATHS = "$(inherited) @executable_path/Frameworks";
				PRODUCT_BUNDLE_IDENTIFIER = com.codershigh.BareBasic;
				PRODUCT_NAME = "$(TARGET_NAME)";
			};
			name = Debug;
		};
		2C7582991BE0A4B600BE59B3 /* Release */ = {
			isa = XCBuildConfiguration;
			buildSettings = {
				ASSETCATALOG_COMPILER_APPICON_NAME = AppIcon;
				INFOPLIST_FILE = BareBasic/Info.plist;
				LD_RUNPATH_SEARCH_PATHS = "$(inherited) @executable_path/Frameworks";
				PRODUCT_BUNDLE_IDENTIFIER = com.codershigh.BareBasic;
				PRODUCT_NAME = "$(TARGET_NAME)";
			};
			name = Release;
		};
/* End XCBuildConfiguration section */

/* Begin XCConfigurationList section */
		2C7582801BE0A4B600BE59B3 /* Build configuration list for PBXProject "BareBasic" */ = {
			isa = XCConfigurationList;
			buildConfigurations = (
				2C7582951BE0A4B600BE59B3 /* Debug */,
				2C7582961BE0A4B600BE59B3 /* Release */,
			);
			defaultConfigurationIsVisible = 0;
			defaultConfigurationName = Release;
		};
		2C7582971BE0A4B600BE59B3 /* Build configuration list for PBXNativeTarget "BareBasic" */ = {
			isa = XCConfigurationList;
			buildConfigurations = (
				2C7582981BE0A4B600BE59B3 /* Debug */,
				2C7582991BE0A4B600BE59B3 /* Release */,
			);
			defaultConfigurationIsVisible = 0;
			defaultConfigurationName = Release;
		};
/* End XCConfigurationList section */
	};
	rootObject = 2C75827D1BE0A4B600BE59B3 /* Project object */;
}
