// !$*UTF8*$!
{
	archiveVersion = 1;
	classes = {
	};
	objectVersion = 46;
	objects = {

/* Begin PBXBuildFile section */
		2C1A2E7B1CC7603D0069EEED /* TintColorViewController.swift in Sources */ = {isa = PBXBuildFile; fileRef = 2C1A2E7A1CC7603D0069EEED /* TintColorViewController.swift */; };
		2C5B2DA81CC71E8D007D75DD /* EquipmentsDefault.plist in Resources */ = {isa = PBXBuildFile; fileRef = 2C5B2DA71CC71E8D007D75DD /* EquipmentsDefault.plist */; };
		2C5B2DAA1CC726B8007D75DD /* EquipmentsListViewController.swift in Sources */ = {isa = PBXBuildFile; fileRef = 2C5B2DA91CC726B8007D75DD /* EquipmentsListViewController.swift */; };
		2C6F67101CC233F5007EAEC7 /* RoomInfoViewController.swift in Sources */ = {isa = PBXBuildFile; fileRef = 2C6F670F1CC233F5007EAEC7 /* RoomInfoViewController.swift */; };
		2C6F67121CC342F3007EAEC7 /* ReservationListViewController.swift in Sources */ = {isa = PBXBuildFile; fileRef = 2C6F67111CC342F3007EAEC7 /* ReservationListViewController.swift */; };
		2C6F67141CC34BDF007EAEC7 /* ReserveRoomViewController.swift in Sources */ = {isa = PBXBuildFile; fileRef = 2C6F67131CC34BDF007EAEC7 /* ReserveRoomViewController.swift */; };
		2C9C276A1C958848002525E4 /* AppDelegate.swift in Sources */ = {isa = PBXBuildFile; fileRef = 2C9C27691C958848002525E4 /* AppDelegate.swift */; };
		2C9C276F1C958848002525E4 /* Main.storyboard in Resources */ = {isa = PBXBuildFile; fileRef = 2C9C276D1C958848002525E4 /* Main.storyboard */; };
		2C9C27711C958849002525E4 /* Assets.xcassets in Resources */ = {isa = PBXBuildFile; fileRef = 2C9C27701C958849002525E4 /* Assets.xcassets */; };
		2C9C27741C958849002525E4 /* LaunchScreen.storyboard in Resources */ = {isa = PBXBuildFile; fileRef = 2C9C27721C958849002525E4 /* LaunchScreen.storyboard */; };
		2C9C277C1C9588BE002525E4 /* MeetingRoomsListController.swift in Sources */ = {isa = PBXBuildFile; fileRef = 2C9C277B1C9588BE002525E4 /* MeetingRoomsListController.swift */; };
		2CAA1EF41CB3F36D0096F3FA /* DataCenter.swift in Sources */ = {isa = PBXBuildFile; fileRef = 2CAA1EF31CB3F36D0096F3FA /* DataCenter.swift */; };
		2CAA1EF61CB3FA630096F3FA /* BranchListViewController.swift in Sources */ = {isa = PBXBuildFile; fileRef = 2CAA1EF51CB3FA630096F3FA /* BranchListViewController.swift */; };
		2CAA1EF81CB3FA7C0096F3FA /* ServiceListViewController.swift in Sources */ = {isa = PBXBuildFile; fileRef = 2CAA1EF71CB3FA7C0096F3FA /* ServiceListViewController.swift */; };
/* End PBXBuildFile section */

/* Begin PBXFileReference section */
		2C1A2E7A1CC7603D0069EEED /* TintColorViewController.swift */ = {isa = PBXFileReference; fileEncoding = 4; lastKnownFileType = sourcecode.swift; path = TintColorViewController.swift; sourceTree = "<group>"; };
		2C5B2DA71CC71E8D007D75DD /* EquipmentsDefault.plist */ = {isa = PBXFileReference; fileEncoding = 4; lastKnownFileType = text.plist.xml; path = EquipmentsDefault.plist; sourceTree = "<group>"; };
		2C5B2DA91CC726B8007D75DD /* EquipmentsListViewController.swift */ = {isa = PBXFileReference; fileEncoding = 4; lastKnownFileType = sourcecode.swift; path = EquipmentsListViewController.swift; sourceTree = "<group>"; };
		2C6F670F1CC233F5007EAEC7 /* RoomInfoViewController.swift */ = {isa = PBXFileReference; fileEncoding = 4; lastKnownFileType = sourcecode.swift; path = RoomInfoViewController.swift; sourceTree = "<group>"; };
		2C6F67111CC342F3007EAEC7 /* ReservationListViewController.swift */ = {isa = PBXFileReference; fileEncoding = 4; lastKnownFileType = sourcecode.swift; path = ReservationListViewController.swift; sourceTree = "<group>"; };
		2C6F67131CC34BDF007EAEC7 /* ReserveRoomViewController.swift */ = {isa = PBXFileReference; fileEncoding = 4; lastKnownFileType = sourcecode.swift; path = ReserveRoomViewController.swift; sourceTree = "<group>"; };
		2C9C27661C958847002525E4 /* MeetingRoomsDynamic.app */ = {isa = PBXFileReference; explicitFileType = wrapper.application; includeInIndex = 0; path = MeetingRoomsDynamic.app; sourceTree = BUILT_PRODUCTS_DIR; };
		2C9C27691C958848002525E4 /* AppDelegate.swift */ = {isa = PBXFileReference; lastKnownFileType = sourcecode.swift; path = AppDelegate.swift; sourceTree = "<group>"; };
		2C9C276E1C958848002525E4 /* Base */ = {isa = PBXFileReference; lastKnownFileType = file.storyboard; name = Base; path = Base.lproj/Main.storyboard; sourceTree = "<group>"; };
		2C9C27701C958849002525E4 /* Assets.xcassets */ = {isa = PBXFileReference; lastKnownFileType = folder.assetcatalog; path = Assets.xcassets; sourceTree = "<group>"; };
		2C9C27731C958849002525E4 /* Base */ = {isa = PBXFileReference; lastKnownFileType = file.storyboard; name = Base; path = Base.lproj/LaunchScreen.storyboard; sourceTree = "<group>"; };
		2C9C27751C958849002525E4 /* Info.plist */ = {isa = PBXFileReference; lastKnownFileType = text.plist.xml; path = Info.plist; sourceTree = "<group>"; };
		2C9C277B1C9588BE002525E4 /* MeetingRoomsListController.swift */ = {isa = PBXFileReference; fileEncoding = 4; lastKnownFileType = sourcecode.swift; path = MeetingRoomsListController.swift; sourceTree = "<group>"; };
		2CAA1EF31CB3F36D0096F3FA /* DataCenter.swift */ = {isa = PBXFileReference; fileEncoding = 4; lastKnownFileType = sourcecode.swift; path = DataCenter.swift; sourceTree = "<group>"; };
		2CAA1EF51CB3FA630096F3FA /* BranchListViewController.swift */ = {isa = PBXFileReference; fileEncoding = 4; lastKnownFileType = sourcecode.swift; path = BranchListViewController.swift; sourceTree = "<group>"; };
		2CAA1EF71CB3FA7C0096F3FA /* ServiceListViewController.swift */ = {isa = PBXFileReference; fileEncoding = 4; lastKnownFileType = sourcecode.swift; path = ServiceListViewController.swift; sourceTree = "<group>"; };
/* End PBXFileReference section */

/* Begin PBXFrameworksBuildPhase section */
		2C9C27631C958847002525E4 /* Frameworks */ = {
			isa = PBXFrameworksBuildPhase;
			buildActionMask = 2147483647;
			files = (
			);
			runOnlyForDeploymentPostprocessing = 0;
		};
/* End PBXFrameworksBuildPhase section */

/* Begin PBXGroup section */
		2C9C275D1C958847002525E4 = {
			isa = PBXGroup;
			children = (
				2C9C27681C958847002525E4 /* MeetingRoomsDynamic */,
				2C9C27671C958847002525E4 /* Products */,
			);
			sourceTree = "<group>";
		};
		2C9C27671C958847002525E4 /* Products */ = {
			isa = PBXGroup;
			children = (
				2C9C27661C958847002525E4 /* MeetingRoomsDynamic.app */,
			);
			name = Products;
			sourceTree = "<group>";
		};
		2C9C27681C958847002525E4 /* MeetingRoomsDynamic */ = {
			isa = PBXGroup;
			children = (
				2C9C27691C958848002525E4 /* AppDelegate.swift */,
				2CAA1EF51CB3FA630096F3FA /* BranchListViewController.swift */,
				2CAA1EF71CB3FA7C0096F3FA /* ServiceListViewController.swift */,
				2C9C277B1C9588BE002525E4 /* MeetingRoomsListController.swift */,
				2CAA1EF31CB3F36D0096F3FA /* DataCenter.swift */,
				2C6F670F1CC233F5007EAEC7 /* RoomInfoViewController.swift */,
				2C6F67111CC342F3007EAEC7 /* ReservationListViewController.swift */,
				2C6F67131CC34BDF007EAEC7 /* ReserveRoomViewController.swift */,
				2C9C276D1C958848002525E4 /* Main.storyboard */,
				2C1A2E7A1CC7603D0069EEED /* TintColorViewController.swift */,
				2C5B2DA91CC726B8007D75DD /* EquipmentsListViewController.swift */,
				2C9C27701C958849002525E4 /* Assets.xcassets */,
				2C9C27721C958849002525E4 /* LaunchScreen.storyboard */,
				2C5B2DA71CC71E8D007D75DD /* EquipmentsDefault.plist */,
				2C9C27751C958849002525E4 /* Info.plist */,
			);
			path = MeetingRoomsDynamic;
			sourceTree = "<group>";
		};
/* End PBXGroup section */

/* Begin PBXNativeTarget section */
		2C9C27651C958847002525E4 /* MeetingRoomsDynamic */ = {
			isa = PBXNativeTarget;
			buildConfigurationList = 2C9C27781C958849002525E4 /* Build configuration list for PBXNativeTarget "MeetingRoomsDynamic" */;
			buildPhases = (
				2C9C27621C958847002525E4 /* Sources */,
				2C9C27631C958847002525E4 /* Frameworks */,
				2C9C27641C958847002525E4 /* Resources */,
			);
			buildRules = (
			);
			dependencies = (
			);
			name = MeetingRoomsDynamic;
			productName = MeetingRoomsDynamic;
			productReference = 2C9C27661C958847002525E4 /* MeetingRoomsDynamic.app */;
			productType = "com.apple.product-type.application";
		};
/* End PBXNativeTarget section */

/* Begin PBXProject section */
		2C9C275E1C958847002525E4 /* Project object */ = {
			isa = PBXProject;
			attributes = {
				LastSwiftUpdateCheck = 0710;
				LastUpgradeCheck = 0900;
				ORGANIZATIONNAME = CodersHigh;
				TargetAttributes = {
					2C9C27651C958847002525E4 = {
						CreatedOnToolsVersion = 7.1;
					};
				};
			};
			buildConfigurationList = 2C9C27611C958847002525E4 /* Build configuration list for PBXProject "MeetingRoomsDynamic" */;
			compatibilityVersion = "Xcode 3.2";
			developmentRegion = English;
			hasScannedForEncodings = 0;
			knownRegions = (
				en,
				Base,
			);
			mainGroup = 2C9C275D1C958847002525E4;
			productRefGroup = 2C9C27671C958847002525E4 /* Products */;
			projectDirPath = "";
			projectRoot = "";
			targets = (
				2C9C27651C958847002525E4 /* MeetingRoomsDynamic */,
			);
		};
/* End PBXProject section */

/* Begin PBXResourcesBuildPhase section */
		2C9C27641C958847002525E4 /* Resources */ = {
			isa = PBXResourcesBuildPhase;
			buildActionMask = 2147483647;
			files = (
				2C5B2DA81CC71E8D007D75DD /* EquipmentsDefault.plist in Resources */,
				2C9C27741C958849002525E4 /* LaunchScreen.storyboard in Resources */,
				2C9C27711C958849002525E4 /* Assets.xcassets in Resources */,
				2C9C276F1C958848002525E4 /* Main.storyboard in Resources */,
			);
			runOnlyForDeploymentPostprocessing = 0;
		};
/* End PBXResourcesBuildPhase section */

/* Begin PBXSourcesBuildPhase section */
		2C9C27621C958847002525E4 /* Sources */ = {
			isa = PBXSourcesBuildPhase;
			buildActionMask = 2147483647;
			files = (
				2CAA1EF81CB3FA7C0096F3FA /* ServiceListViewController.swift in Sources */,
				2C6F67121CC342F3007EAEC7 /* ReservationListViewController.swift in Sources */,
				2C5B2DAA1CC726B8007D75DD /* EquipmentsListViewController.swift in Sources */,
				2C6F67141CC34BDF007EAEC7 /* ReserveRoomViewController.swift in Sources */,
				2CAA1EF41CB3F36D0096F3FA /* DataCenter.swift in Sources */,
				2C9C277C1C9588BE002525E4 /* MeetingRoomsListController.swift in Sources */,
				2CAA1EF61CB3FA630096F3FA /* BranchListViewController.swift in Sources */,
				2C9C276A1C958848002525E4 /* AppDelegate.swift in Sources */,
				2C6F67101CC233F5007EAEC7 /* RoomInfoViewController.swift in Sources */,
				2C1A2E7B1CC7603D0069EEED /* TintColorViewController.swift in Sources */,
			);
			runOnlyForDeploymentPostprocessing = 0;
		};
/* End PBXSourcesBuildPhase section */

/* Begin PBXVariantGroup section */
		2C9C276D1C958848002525E4 /* Main.storyboard */ = {
			isa = PBXVariantGroup;
			children = (
				2C9C276E1C958848002525E4 /* Base */,
			);
			name = Main.storyboard;
			sourceTree = "<group>";
		};
		2C9C27721C958849002525E4 /* LaunchScreen.storyboard */ = {
			isa = PBXVariantGroup;
			children = (
				2C9C27731C958849002525E4 /* Base */,
			);
			name = LaunchScreen.storyboard;
			sourceTree = "<group>";
		};
/* End PBXVariantGroup section */

/* Begin XCBuildConfiguration section */
		2C9C27761C958849002525E4 /* Debug */ = {
			isa = XCBuildConfiguration;
			buildSettings = {
				ALWAYS_SEARCH_USER_PATHS = NO;
				CLANG_CXX_LANGUAGE_STANDARD = "gnu++0x";
				CLANG_CXX_LIBRARY = "libc++";
				CLANG_ENABLE_MODULES = YES;
				CLANG_ENABLE_OBJC_ARC = YES;
				CLANG_WARN_BLOCK_CAPTURE_AUTORELEASING = YES;
				CLANG_WARN_BOOL_CONVERSION = YES;
				CLANG_WARN_COMMA = YES;
				CLANG_WARN_CONSTANT_CONVERSION = YES;
				CLANG_WARN_DIRECT_OBJC_ISA_USAGE = YES_ERROR;
				CLANG_WARN_EMPTY_BODY = YES;
				CLANG_WARN_ENUM_CONVERSION = YES;
				CLANG_WARN_INFINITE_RECURSION = YES;
				CLANG_WARN_INT_CONVERSION = YES;
				CLANG_WARN_NON_LITERAL_NULL_CONVERSION = YES;
				CLANG_WARN_OBJC_LITERAL_CONVERSION = YES;
				CLANG_WARN_OBJC_ROOT_CLASS = YES_ERROR;
				CLANG_WARN_RANGE_LOOP_ANALYSIS = YES;
				CLANG_WARN_STRICT_PROTOTYPES = YES;
				CLANG_WARN_SUSPICIOUS_MOVE = YES;
				CLANG_WARN_UNREACHABLE_CODE = YES;
				CLANG_WARN__DUPLICATE_METHOD_MATCH = YES;
				"CODE_SIGN_IDENTITY[sdk=iphoneos*]" = "iPhone Developer";
				COPY_PHASE_STRIP = NO;
				DEBUG_INFORMATION_FORMAT = dwarf;
				ENABLE_STRICT_OBJC_MSGSEND = YES;
				ENABLE_TESTABILITY = YES;
				GCC_C_LANGUAGE_STANDARD = gnu99;
				GCC_DYNAMIC_NO_PIC = NO;
				GCC_NO_COMMON_BLOCKS = YES;
				GCC_OPTIMIZATION_LEVEL = 0;
				GCC_PREPROCESSOR_DEFINITIONS = (
					"DEBUG=1",
					"$(inherited)",
				);
				GCC_WARN_64_TO_32_BIT_CONVERSION = YES;
				GCC_WARN_ABOUT_RETURN_TYPE = YES_ERROR;
				GCC_WARN_UNDECLARED_SELECTOR = YES;
				GCC_WARN_UNINITIALIZED_AUTOS = YES_AGGRESSIVE;
				GCC_WARN_UNUSED_FUNCTION = YES;
				GCC_WARN_UNUSED_VARIABLE = YES;
				IPHONEOS_DEPLOYMENT_TARGET = 9.1;
				MTL_ENABLE_DEBUG_INFO = YES;
				ONLY_ACTIVE_ARCH = YES;
				SDKROOT = iphoneos;
				SWIFT_OPTIMIZATION_LEVEL = "-Onone";
				SWIFT_VERSION = 4.0;
				TARGETED_DEVICE_FAMILY = "1,2";
			};
			name = Debug;
		};
		2C9C27771C958849002525E4 /* Release */ = {
			isa = XCBuildConfiguration;
			buildSettings = {
				ALWAYS_SEARCH_USER_PATHS = NO;
				CLANG_CXX_LANGUAGE_STANDARD = "gnu++0x";
				CLANG_CXX_LIBRARY = "libc++";
				CLANG_ENABLE_MODULES = YES;
				CLANG_ENABLE_OBJC_ARC = YES;
				CLANG_WARN_BLOCK_CAPTURE_AUTORELEASING = YES;
				CLANG_WARN_BOOL_CONVERSION = YES;
				CLANG_WARN_COMMA = YES;
				CLANG_WARN_CONSTANT_CONVERSION = YES;
				CLANG_WARN_DIRECT_OBJC_ISA_USAGE = YES_ERROR;
				CLANG_WARN_EMPTY_BODY = YES;
				CLANG_WARN_ENUM_CONVERSION = YES;
				CLANG_WARN_INFINITE_RECURSION = YES;
				CLANG_WARN_INT_CONVERSION = YES;
				CLANG_WARN_NON_LITERAL_NULL_CONVERSION = YES;
				CLANG_WARN_OBJC_LITERAL_CONVERSION = YES;
				CLANG_WARN_OBJC_ROOT_CLASS = YES_ERROR;
				CLANG_WARN_RANGE_LOOP_ANALYSIS = YES;
				CLANG_WARN_STRICT_PROTOTYPES = YES;
				CLANG_WARN_SUSPICIOUS_MOVE = YES;
				CLANG_WARN_UNREACHABLE_CODE = YES;
				CLANG_WARN__DUPLICATE_METHOD_MATCH = YES;
				"CODE_SIGN_IDENTITY[sdk=iphoneos*]" = "iPhone Developer";
				COPY_PHASE_STRIP = NO;
				DEBUG_INFORMATION_FORMAT = "dwarf-with-dsym";
				ENABLE_NS_ASSERTIONS = NO;
				ENABLE_STRICT_OBJC_MSGSEND = YES;
				GCC_C_LANGUAGE_STANDARD = gnu99;
				GCC_NO_COMMON_BLOCKS = YES;
				GCC_WARN_64_TO_32_BIT_CONVERSION = YES;
				GCC_WARN_ABOUT_RETURN_TYPE = YES_ERROR;
				GCC_WARN_UNDECLARED_SELECTOR = YES;
				GCC_WARN_UNINITIALIZED_AUTOS = YES_AGGRESSIVE;
				GCC_WARN_UNUSED_FUNCTION = YES;
				GCC_WARN_UNUSED_VARIABLE = YES;
				IPHONEOS_DEPLOYMENT_TARGET = 9.1;
				MTL_ENABLE_DEBUG_INFO = NO;
				SDKROOT = iphoneos;
				SWIFT_OPTIMIZATION_LEVEL = "-Owholemodule";
				SWIFT_VERSION = 4.0;
				TARGETED_DEVICE_FAMILY = "1,2";
				VALIDATE_PRODUCT = YES;
			};
			name = Release;
		};
		2C9C27791C958849002525E4 /* Debug */ = {
			isa = XCBuildConfiguration;
			buildSettings = {
				ASSETCATALOG_COMPILER_APPICON_NAME = AppIcon;
				INFOPLIST_FILE = MeetingRoomsDynamic/Info.plist;
				LD_RUNPATH_SEARCH_PATHS = "$(inherited) @executable_path/Frameworks";
				PRODUCT_BUNDLE_IDENTIFIER = com.codershigh.MeetingRoomsDynamic;
				PRODUCT_NAME = "$(TARGET_NAME)";
			};
			name = Debug;
		};
		2C9C277A1C958849002525E4 /* Release */ = {
			isa = XCBuildConfiguration;
			buildSettings = {
				ASSETCATALOG_COMPILER_APPICON_NAME = AppIcon;
				INFOPLIST_FILE = MeetingRoomsDynamic/Info.plist;
				LD_RUNPATH_SEARCH_PATHS = "$(inherited) @executable_path/Frameworks";
				PRODUCT_BUNDLE_IDENTIFIER = com.codershigh.MeetingRoomsDynamic;
				PRODUCT_NAME = "$(TARGET_NAME)";
			};
			name = Release;
		};
/* End XCBuildConfiguration section */

/* Begin XCConfigurationList section */
		2C9C27611C958847002525E4 /* Build configuration list for PBXProject "MeetingRoomsDynamic" */ = {
			isa = XCConfigurationList;
			buildConfigurations = (
				2C9C27761C958849002525E4 /* Debug */,
				2C9C27771C958849002525E4 /* Release */,
			);
			defaultConfigurationIsVisible = 0;
			defaultConfigurationName = Release;
		};
		2C9C27781C958849002525E4 /* Build configuration list for PBXNativeTarget "MeetingRoomsDynamic" */ = {
			isa = XCConfigurationList;
			buildConfigurations = (
				2C9C27791C958849002525E4 /* Debug */,
				2C9C277A1C958849002525E4 /* Release */,
			);
			defaultConfigurationIsVisible = 0;
			defaultConfigurationName = Release;
		};
/* End XCConfigurationList section */
	};
	rootObject = 2C9C275E1C958847002525E4 /* Project object */;
}
